
Microsoft Visual Studio Solution File, Format Version 12.00
# Visual Studio Version 17
VisualStudioVersion = 17.4.33122.133
MinimumVisualStudioVersion = 10.0.40219.1
Project("{FAE04EC0-301F-11D3-BF4B-00C04F79EFBC}") = "ExpenseIt", "ExpenseIt\ExpenseIt.csproj", "{2FADDAE4-8701-40C9-B494-10F1AF9A3D6F}"
EndProject
Global
	GlobalSection(SolutionConfigurationPlatforms) = preSolution
		Debug|Any CPU = Debug|Any CPU
		Release|Any CPU = Release|Any CPU
	EndGlobalSection
	GlobalSection(ProjectConfigurationPlatforms) = postSolution
		{2FADDAE4-8701-40C9-B494-10F1AF9A3D6F}.Debug|Any CPU.ActiveCfg = Debug|Any CPU
		{2FADDAE4-8701-40C9-B494-10F1AF9A3D6F}.Debug|Any CPU.Build.0 = Debug|Any CPU
		{2FADDAE4-8701-40C9-B494-10F1AF9A3D6F}.Release|Any CPU.ActiveCfg = Release|Any CPU
		{2FADDAE4-8701-40C9-B494-10F1AF9A3D6F}.Release|Any CPU.Build.0 = Release|Any CPU
	EndGlobalSection
	GlobalSection(SolutionProperties) = preSolution
		HideSolutionNode = FALSE
	EndGlobalSection
	GlobalSection(ExtensibilityGlobals) = postSolution
		SolutionGuid = {C5A9901A-C1AF-45C7-A1A7-7278407FD8D2}
	EndGlobalSection
EndGlobal
